{
  "requires": true,
  "lockfileVersion": 1,
  "dependencies": {
    "debug": {
      "version": "3.2.6",
      "resolved": "https://registry.npmjs.org/debug/-/debug-3.2.6.tgz",
      "integrity": "sha512-mel+jf7nrtEl5Pn1Qx46zARXKDpBbvzezse7p7LqINmdoIk8PYP5SySaxEmYv6TZ0JyEKA1hsCId6DIhgITtWQ==",
      "requires": {
        "ms": "^2.1.1"
      }
    },
    "direction": {
      "version": "0.1.5",
      "resolved": "https://registry.npmjs.org/direction/-/direction-0.1.5.tgz",
      "integrity": "sha1-zl15f5fib4vnvv9T99xA4cGp7Ew="
    },
    "esrever": {
      "version": "0.2.0",
      "resolved": "https://registry.npmjs.org/esrever/-/esrever-0.2.0.tgz",
      "integrity": "sha1-lunSj08bGnZ4TNXUkOquAQ50B7g="
    },
    "get-document": {
      "version": "1.0.0",
      "resolved": "https://registry.npmjs.org/get-document/-/get-document-1.0.0.tgz",
      "integrity": "sha1-SCG85m8cJMsDMWAr5strEsTwHEs="
    },
    "get-window": {
      "version": "1.1.2",
      "resolved": "https://registry.npmjs.org/get-window/-/get-window-1.1.2.tgz",
      "integrity": "sha512-yjWpFcy9fjhLQHW1dPtg9ga4pmizLY8y4ZSHdGrAQ1NU277MRhnGnnLPxe19X8W5lWVsCZz++5xEuNozWMVmTw==",
      "requires": {
        "get-document": "1"
      }
    },
    "immutable": {
      "version": "3.8.2",
      "resolved": "https://registry.npmjs.org/immutable/-/immutable-3.8.2.tgz",
      "integrity": "sha1-wkOZUUVbs5kT2vKBN28VMOEErfM="
    },
    "is-hotkey": {
      "version": "0.1.3",
      "resolved": "https://registry.npmjs.org/is-hotkey/-/is-hotkey-0.1.3.tgz",
      "integrity": "sha512-wB5PP/lwpaN5zNT1vjHxYFBxiq5zvUZiv8696eB5OmeCRCgNIzb3cMJjRhogSQXe8LLDKOzzlFfGlMaWnc4emQ=="
    },
    "is-in-browser": {
      "version": "1.1.3",
      "resolved": "https://registry.npmjs.org/is-in-browser/-/is-in-browser-1.1.3.tgz",
      "integrity": "sha1-Vv9NtoOgeMYILrldrX3GLh0E+DU="
    },
    "is-plain-object": {
      "version": "2.0.4",
      "resolved": "https://registry.npmjs.org/is-plain-object/-/is-plain-object-2.0.4.tgz",
      "integrity": "sha512-h5PpgXkWitc38BBMYawTYMWJHFZJVnBquFE57xFpjB8pJFiF6gZ+bU+WyI/yqXiFR5mdLsgYNaPe8uao6Uv9Og==",
      "requires": {
        "isobject": "^3.0.1"
      }
    },
    "is-window": {
      "version": "1.0.2",
      "resolved": "https://registry.npmjs.org/is-window/-/is-window-1.0.2.tgz",
      "integrity": "sha1-LIlspT25feRdPDMTOmXYyfVjSA0="
    },
    "isobject": {
      "version": "3.0.1",
      "resolved": "https://registry.npmjs.org/isobject/-/isobject-3.0.1.tgz",
      "integrity": "sha1-TkMekrEalzFjaqH5yNHMvP2reN8="
    },
    "isomorphic-base64": {
      "version": "1.0.2",
      "resolved": "https://registry.npmjs.org/isomorphic-base64/-/isomorphic-base64-1.0.2.tgz",
      "integrity": "sha1-9Caq6CVpuopOxcpzrSGkSrHueAM="
    },
    "js-tokens": {
      "version": "4.0.0",
      "resolved": "https://registry.npmjs.org/js-tokens/-/js-tokens-4.0.0.tgz",
      "integrity": "sha512-RdJUflcE3cUzKiMqQgsCu06FPu9UdIJO0beYbPhHN4k6apgJtifcoCtT9bcxOpYBtpD2kCM6Sbzg4CausW/PKQ=="
    },
    "lodash": {
      "version": "4.17.11",
      "resolved": "https://registry.npmjs.org/lodash/-/lodash-4.17.11.tgz",
      "integrity": "sha512-cQKh8igo5QUhZ7lg38DYWAxMvjSAKG0A8wGSVimP07SIUEK2UO+arSRKbRZWtelMtN5V0Hkwh5ryOto/SshYIg=="
    },
    "loose-envify": {
      "version": "1.4.0",
      "resolved": "https://registry.npmjs.org/loose-envify/-/loose-envify-1.4.0.tgz",
      "integrity": "sha512-lyuxPGr/Wfhrlem2CL/UcnUc1zcqKAImBDzukY7Y5F/yQiNdko6+fRLevlw1HgMySw7f611UIY408EtxRSoK3Q==",
      "requires": {
        "js-tokens": "^3.0.0 || ^4.0.0"
      }
    },
    "memoize-one": {
      "version": "4.0.2",
      "resolved": "https://registry.npmjs.org/memoize-one/-/memoize-one-4.0.2.tgz",
      "integrity": "sha512-ucx2DmXTeZTsS4GPPUZCbULAN7kdPT1G+H49Y34JjbQ5ESc6OGhVxKvb1iKhr9v19ZB9OtnHwNnhUnNR/7Wteg=="
    },
    "ms": {
      "version": "2.1.1",
      "resolved": "https://registry.npmjs.org/ms/-/ms-2.1.1.tgz",
      "integrity": "sha512-tgp+dl5cGk28utYktBsrFqA7HKgrhgPsg6Z/EfhWI4gl1Hwq8B/GmY/0oXZ6nF8hDVesS/FpnYaD/kOWhYQvyg=="
    },
    "object-assign": {
      "version": "4.1.1",
      "resolved": "https://registry.npmjs.org/object-assign/-/object-assign-4.1.1.tgz",
      "integrity": "sha1-IQmtx5ZYh8/AXLvUQsrIv7s2CGM="
    },
    "prop-types": {
      "version": "15.6.2",
      "resolved": "https://registry.npmjs.org/prop-types/-/prop-types-15.6.2.tgz",
      "integrity": "sha512-3pboPvLiWD7dkI3qf3KbUe6hKFKa52w+AE0VCqECtf+QHAKgOL37tTaNCnuX1nAAQ4ZhyP+kYVKf8rLmJ/feDQ==",
      "requires": {
        "loose-envify": "^1.3.1",
        "object-assign": "^4.1.1"
      }
    },
    "react": {
      "version": "16.5.2",
      "resolved": "https://registry.npmjs.org/react/-/react-16.5.2.tgz",
      "integrity": "sha512-FDCSVd3DjVTmbEAjUNX6FgfAmQ+ypJfHUsqUJOYNCBUp1h8lqmtC+0mXJ+JjsWx4KAVTkk1vKd1hLQPvEviSuw==",
      "requires": {
        "loose-envify": "^1.1.0",
        "object-assign": "^4.1.1",
        "prop-types": "^15.6.2",
        "schedule": "^0.5.0"
      }
    },
    "react-dom": {
      "version": "16.5.2",
      "resolved": "https://registry.npmjs.org/react-dom/-/react-dom-16.5.2.tgz",
      "integrity": "sha512-RC8LDw8feuZOHVgzEf7f+cxBr/DnKdqp56VU0lAs1f4UfKc4cU8wU4fTq/mgnvynLQo8OtlPC19NUFh/zjZPuA==",
      "requires": {
        "loose-envify": "^1.1.0",
        "object-assign": "^4.1.1",
        "prop-types": "^15.6.2",
        "schedule": "^0.5.0"
      }
    },
    "react-immutable-proptypes": {
      "version": "2.1.0",
      "resolved": "https://registry.npmjs.org/react-immutable-proptypes/-/react-immutable-proptypes-2.1.0.tgz",
      "integrity": "sha1-Aj1vObsVyXwHHp5g0A0TbqxfoLQ="
    },
    "schedule": {
      "version": "0.5.0",
      "resolved": "https://registry.npmjs.org/schedule/-/schedule-0.5.0.tgz",
      "integrity": "sha512-HUcJicG5Ou8xfR//c2rPT0lPIRR09vVvN81T9fqfVgBmhERUbDEQoYKjpBxbueJnCPpSu2ujXzOnRQt6x9o/jw==",
      "requires": {
        "object-assign": "^4.1.1"
      }
    },
    "selection-is-backward": {
      "version": "1.0.0",
      "resolved": "https://registry.npmjs.org/selection-is-backward/-/selection-is-backward-1.0.0.tgz",
      "integrity": "sha1-l6VGMxiKURq6ZBn8XB+pG0Z+a+E="
    },
    "slate": {
      "version": "0.42.2",
      "resolved": "https://registry.npmjs.org/slate/-/slate-0.42.2.tgz",
      "integrity": "sha512-qr5WeiXyopJ9Wne+TizVr1OsDKLwaHlfN88NtvJCf4y8q9jJHWhX+zgcFRgmSvo3RHVPKEp28yEc4IuDurODkQ==",
      "requires": {
        "debug": "^3.1.0",
        "direction": "^0.1.5",
        "esrever": "^0.2.0",
        "is-plain-object": "^2.0.4",
        "lodash": "^4.17.4",
        "tiny-invariant": "^1.0.1",
        "tiny-warning": "^0.0.3",
        "type-of": "^2.0.1"
      }
    },
    "slate-base64-serializer": {
      "version": "0.2.72",
      "resolved": "https://registry.npmjs.org/slate-base64-serializer/-/slate-base64-serializer-0.2.72.tgz",
      "integrity": "sha512-Bra4elmvDIfsFwh1BjW1E7O3g+/BOkfSAij10mjraveHG5MC386t/FJ1itZt2ydv+EAlep5iXkbKzMp8u+RalQ==",
      "requires": {
        "isomorphic-base64": "^1.0.2"
      }
    },
    "slate-dev-environment": {
      "version": "0.2.0",
      "resolved": "https://registry.npmjs.org/slate-dev-environment/-/slate-dev-environment-0.2.0.tgz",
      "integrity": "sha512-xxh3ThUSHYDwRUaywRQeOySJFI1kU4mYw9uDUbjk3VTpt0BHCFufHkCU5f22U8HyP7b2nDVFwfyXg1Q0o+Ksag==",
      "requires": {
        "is-in-browser": "^1.1.3"
      }
    },
    "slate-hotkeys": {
      "version": "0.2.5",
      "resolved": "https://registry.npmjs.org/slate-hotkeys/-/slate-hotkeys-0.2.5.tgz",
      "integrity": "sha512-b1KnfQTcw6HwgKNUQCdxl1SUu6Sm26DaAqYjxM+ftd/6sUSmDN0YTdMfK+UbNND7WRCkN2Acqq36zQJfEczekg==",
      "requires": {
        "is-hotkey": "^0.1.3",
        "slate-dev-environment": "^0.2.0"
      }
    },
    "slate-plain-serializer": {
      "version": "0.6.11",
      "resolved": "https://registry.npmjs.org/slate-plain-serializer/-/slate-plain-serializer-0.6.11.tgz",
      "integrity": "sha512-BPFi76EDyb8sPLQjUKFDFFtee/4rMmQceIgD6L6abv7ABndfNrBkK+uXTRQ42H4H60r1sXKvMnPYDsEuLwG+MA=="
    },
    "slate-prop-types": {
      "version": "0.5.2",
      "resolved": "https://registry.npmjs.org/slate-prop-types/-/slate-prop-types-0.5.2.tgz",
      "integrity": "sha512-oCYhm4rna/QObMP8R/lIP/H59fXrldWYv9O/C25xbUArE1gc+RbqaBvuFQOj+Ai4Val5qvjp/nHFPz6pzmUnhA=="
    },
    "slate-react": {
      "version": "0.19.3",
      "resolved": "https://registry.npmjs.org/slate-react/-/slate-react-0.19.3.tgz",
      "integrity": "sha512-ZS1QJeVbNuYg2XFZPCFHTJCTFVXSgSW9V8lMbiyuDUi8OgpF2DNajQpsDMV6Q2HwOwsQMv8shNweTZQ/eiiYrw==",
      "requires": {
        "debug": "^3.1.0",
        "get-window": "^1.1.1",
        "is-window": "^1.0.2",
        "lodash": "^4.1.1",
        "memoize-one": "^4.0.0",
        "prop-types": "^15.5.8",
        "react-immutable-proptypes": "^2.1.0",
        "selection-is-backward": "^1.0.0",
        "slate-base64-serializer": "^0.2.72",
        "slate-dev-environment": "^0.2.0",
        "slate-hotkeys": "^0.2.5",
        "slate-plain-serializer": "^0.6.11",
        "slate-prop-types": "^0.5.2",
        "tiny-invariant": "^1.0.1",
        "tiny-warning": "^0.0.3"
      }
    },
    "tiny-invariant": {
      "version": "1.0.1",
      "resolved": "https://registry.npmjs.org/tiny-invariant/-/tiny-invariant-1.0.1.tgz",
      "integrity": "sha512-avcKCNM2yJqD33H/WJLgIu3QNRXFOjARGJSdLi8IpKESCyhm67vyPWTRjnIbX2uI/pn52tqYcao333R3PBVhbQ=="
    },
    "tiny-warning": {
      "version": "0.0.3",
      "resolved": "https://registry.npmjs.org/tiny-warning/-/tiny-warning-0.0.3.tgz",
      "integrity": "sha512-r0SSA5Y5IWERF9Xh++tFPx0jITBgGggOsRLDWWew6YRw/C2dr4uNO1fw1vanrBmHsICmPyMLNBZboTlxUmUuaA=="
    },
    "type-of": {
      "version": "2.0.1",
      "resolved": "https://registry.npmjs.org/type-of/-/type-of-2.0.1.tgz",
      "integrity": "sha1-5yoXQYllaOn2KDeNgW1pEvfyOXI="
    }
  }
}
